
Microsoft Visual Studio Solution File, Format Version 12.00
# Visual Studio 14
VisualStudioVersion = 14.0.24720.0
MinimumVisualStudioVersion = 10.0.40219.1
Project("{FAE04EC0-301F-11D3-BF4B-00C04F79EFBC}") = "AliceXmlCsvConverter", "AliceXmlCsvConverter\AliceXmlCsvConverter.csproj", "{610D4C04-ED5E-474E-9284-0125134C6E45}"
EndProject
Project("{FAE04EC0-301F-11D3-BF4B-00C04F79EFBC}") = "AliceXmlCsvConverter_DLL", "AliceXmlCsvConverter_DLL\AliceXmlCsvConverter_DLL.csproj", "{214FC728-CE7E-4B2A-A29D-33E9AD627724}"
EndProject
Global
	GlobalSection(SolutionConfigurationPlatforms) = preSolution
		Debug|Any CPU = Debug|Any CPU
		Release|Any CPU = Release|Any CPU
	EndGlobalSection
	GlobalSection(ProjectConfigurationPlatforms) = postSolution
		{610D4C04-ED5E-474E-9284-0125134C6E45}.Debug|Any CPU.ActiveCfg = Debug|Any CPU
		{610D4C04-ED5E-474E-9284-0125134C6E45}.Debug|Any CPU.Build.0 = Debug|Any CPU
		{610D4C04-ED5E-474E-9284-0125134C6E45}.Release|Any CPU.ActiveCfg = Release|Any CPU
		{610D4C04-ED5E-474E-9284-0125134C6E45}.Release|Any CPU.Build.0 = Release|Any CPU
		{214FC728-CE7E-4B2A-A29D-33E9AD627724}.Debug|Any CPU.ActiveCfg = Debug|Any CPU
		{214FC728-CE7E-4B2A-A29D-33E9AD627724}.Debug|Any CPU.Build.0 = Debug|Any CPU
		{214FC728-CE7E-4B2A-A29D-33E9AD627724}.Release|Any CPU.ActiveCfg = Release|Any CPU
		{214FC728-CE7E-4B2A-A29D-33E9AD627724}.Release|Any CPU.Build.0 = Release|Any CPU
	EndGlobalSection
	GlobalSection(SolutionProperties) = preSolution
		HideSolutionNode = FALSE
	EndGlobalSection
EndGlobal
